
Microsoft Visual Studio Solution File, Format Version 12.00
# Visual Studio Version 17
VisualStudioVersion = 17.11.35312.102
MinimumVisualStudioVersion = 10.0.40219.1
Project("{FAE04EC0-301F-11D3-BF4B-00C04F79EFBC}") = "TcpServerGUI", "TcpServerGUI\TcpServerGUI.csproj", "{3AE6B6A9-5F10-442B-94FD-6600901ED839}"
EndProject
Global
	GlobalSection(SolutionConfigurationPlatforms) = preSolution
		Debug|Any CPU = Debug|Any CPU
		Release|Any CPU = Release|Any CPU
	EndGlobalSection
	GlobalSection(ProjectConfigurationPlatforms) = postSolution
		{3AE6B6A9-5F10-442B-94FD-6600901ED839}.Debug|Any CPU.ActiveCfg = Debug|Any CPU
		{3AE6B6A9-5F10-442B-94FD-6600901ED839}.Debug|Any CPU.Build.0 = Debug|Any CPU
		{3AE6B6A9-5F10-442B-94FD-6600901ED839}.Release|Any CPU.ActiveCfg = Release|Any CPU
		{3AE6B6A9-5F10-442B-94FD-6600901ED839}.Release|Any CPU.Build.0 = Release|Any CPU
	EndGlobalSection
	GlobalSection(SolutionProperties) = preSolution
		HideSolutionNode = FALSE
	EndGlobalSection
	GlobalSection(ExtensibilityGlobals) = postSolution
		SolutionGuid = {F418594A-0960-4372-9927-158E6F6EDB28}
	EndGlobalSection
EndGlobal
